{
  "name": "Mouhanad-sPortfolio",
  "lockfileVersion": 3,
  "requires": true,
  "packages": {
    "": {
      "dependencies": {
        "sass-dev": "^1.0.13"
      }
    },
    "node_modules/@esbuild/android-arm": {
      "version": "0.18.17",
      "resolved": "https://registry.npmjs.org/@esbuild/android-arm/-/android-arm-0.18.17.tgz",
      "integrity": "sha512-wHsmJG/dnL3OkpAcwbgoBTTMHVi4Uyou3F5mf58ZtmUyIKfcdA7TROav/6tCzET4A3QW2Q2FC+eFneMU+iyOxg==",
      "cpu": [
        "arm"
      ],
      "optional": true,
      "os": [
        "android"
      ],
      "engines": {
        "node": ">=12"
      }
    },
    "node_modules/@esbuild/android-arm64": {
      "version": "0.18.17",
      "resolved": "https://registry.npmjs.org/@esbuild/android-arm64/-/android-arm64-0.18.17.tgz",
      "integrity": "sha512-9np+YYdNDed5+Jgr1TdWBsozZ85U1Oa3xW0c7TWqH0y2aGghXtZsuT8nYRbzOMcl0bXZXjOGbksoTtVOlWrRZg==",
      "cpu": [
        "arm64"
      ],
      "optional": true,
      "os": [
        "android"
      ],
      "engines": {
        "node": ">=12"
      }
    },
    "node_modules/@esbuild/android-x64": {
      "version": "0.18.17",
      "resolved": "https://registry.npmjs.org/@esbuild/android-x64/-/android-x64-0.18.17.tgz",
      "integrity": "sha512-O+FeWB/+xya0aLg23hHEM2E3hbfwZzjqumKMSIqcHbNvDa+dza2D0yLuymRBQQnC34CWrsJUXyH2MG5VnLd6uw==",
      "cpu": [
        "x64"
      ],
      "optional": true,
      "os": [
        "android"
      ],
      "engines": {
        "node": ">=12"
      }
    },
    "node_modules/@esbuild/darwin-arm64": {
      "version": "0.18.17",
      "resolved": "https://registry.npmjs.org/@esbuild/darwin-arm64/-/darwin-arm64-0.18.17.tgz",
      "integrity": "sha512-M9uJ9VSB1oli2BE/dJs3zVr9kcCBBsE883prage1NWz6pBS++1oNn/7soPNS3+1DGj0FrkSvnED4Bmlu1VAE9g==",
      "cpu": [
        "arm64"
      ],
      "optional": true,
      "os": [
        "darwin"
      ],
      "engines": {
        "node": ">=12"
      }
    },
    "node_modules/@esbuild/darwin-x64": {
      "version": "0.18.17",
      "resolved": "https://registry.npmjs.org/@esbuild/darwin-x64/-/darwin-x64-0.18.17.tgz",
      "integrity": "sha512-XDre+J5YeIJDMfp3n0279DFNrGCXlxOuGsWIkRb1NThMZ0BsrWXoTg23Jer7fEXQ9Ye5QjrvXpxnhzl3bHtk0g==",
      "cpu": [
        "x64"
      ],
      "optional": true,
      "os": [
        "darwin"
      ],
      "engines": {
        "node": ">=12"
      }
    },
    "node_modules/@esbuild/freebsd-arm64": {
      "version": "0.18.17",
      "resolved": "https://registry.npmjs.org/@esbuild/freebsd-arm64/-/freebsd-arm64-0.18.17.tgz",
      "integrity": "sha512-cjTzGa3QlNfERa0+ptykyxs5A6FEUQQF0MuilYXYBGdBxD3vxJcKnzDlhDCa1VAJCmAxed6mYhA2KaJIbtiNuQ==",
      "cpu": [
        "arm64"
      ],
      "optional": true,
      "os": [
        "freebsd"
      ],
      "engines": {
        "node": ">=12"
      }
    },
    "node_modules/@esbuild/freebsd-x64": {
      "version": "0.18.17",
      "resolved": "https://registry.npmjs.org/@esbuild/freebsd-x64/-/freebsd-x64-0.18.17.tgz",
      "integrity": "sha512-sOxEvR8d7V7Kw8QqzxWc7bFfnWnGdaFBut1dRUYtu+EIRXefBc/eIsiUiShnW0hM3FmQ5Zf27suDuHsKgZ5QrA==",
      "cpu": [
        "x64"
      ],
      "optional": true,
      "os": [
        "freebsd"
      ],
      "engines": {
        "node": ">=12"
      }
    },
    "node_modules/@esbuild/linux-arm": {
      "version": "0.18.17",
      "resolved": "https://registry.npmjs.org/@esbuild/linux-arm/-/linux-arm-0.18.17.tgz",
      "integrity": "sha512-2d3Lw6wkwgSLC2fIvXKoMNGVaeY8qdN0IC3rfuVxJp89CRfA3e3VqWifGDfuakPmp90+ZirmTfye1n4ncjv2lg==",
      "cpu": [
        "arm"
      ],
      "optional": true,
      "os": [
        "linux"
      ],
      "engines": {
        "node": ">=12"
      }
    },
    "node_modules/@esbuild/linux-arm64": {
      "version": "0.18.17",
      "resolved": "https://registry.npmjs.org/@esbuild/linux-arm64/-/linux-arm64-0.18.17.tgz",
      "integrity": "sha512-c9w3tE7qA3CYWjT+M3BMbwMt+0JYOp3vCMKgVBrCl1nwjAlOMYzEo+gG7QaZ9AtqZFj5MbUc885wuBBmu6aADQ==",
      "cpu": [
        "arm64"
      ],
      "optional": true,
      "os": [
        "linux"
      ],
      "engines": {
        "node": ">=12"
      }
    },
    "node_modules/@esbuild/linux-ia32": {
      "version": "0.18.17",
      "resolved": "https://registry.npmjs.org/@esbuild/linux-ia32/-/linux-ia32-0.18.17.tgz",
      "integrity": "sha512-1DS9F966pn5pPnqXYz16dQqWIB0dmDfAQZd6jSSpiT9eX1NzKh07J6VKR3AoXXXEk6CqZMojiVDSZi1SlmKVdg==",
      "cpu": [
        "ia32"
      ],
      "optional": true,
      "os": [
        "linux"
      ],
      "engines": {
        "node": ">=12"
      }
    },
    "node_modules/@esbuild/linux-loong64": {
      "version": "0.18.17",
      "resolved": "https://registry.npmjs.org/@esbuild/linux-loong64/-/linux-loong64-0.18.17.tgz",
      "integrity": "sha512-EvLsxCk6ZF0fpCB6w6eOI2Fc8KW5N6sHlIovNe8uOFObL2O+Mr0bflPHyHwLT6rwMg9r77WOAWb2FqCQrVnwFg==",
      "cpu": [
        "loong64"
      ],
      "optional": true,
      "os": [
        "linux"
      ],
      "engines": {
        "node": ">=12"
      }
    },
    "node_modules/@esbuild/linux-mips64el": {
      "version": "0.18.17",
      "resolved": "https://registry.npmjs.org/@esbuild/linux-mips64el/-/linux-mips64el-0.18.17.tgz",
      "integrity": "sha512-e0bIdHA5p6l+lwqTE36NAW5hHtw2tNRmHlGBygZC14QObsA3bD4C6sXLJjvnDIjSKhW1/0S3eDy+QmX/uZWEYQ==",
      "cpu": [
        "mips64el"
      ],
      "optional": true,
      "os": [
        "linux"
      ],
      "engines": {
        "node": ">=12"
      }
    },
    "node_modules/@esbuild/linux-ppc64": {
      "version": "0.18.17",
      "resolved": "https://registry.npmjs.org/@esbuild/linux-ppc64/-/linux-ppc64-0.18.17.tgz",
      "integrity": "sha512-BAAilJ0M5O2uMxHYGjFKn4nJKF6fNCdP1E0o5t5fvMYYzeIqy2JdAP88Az5LHt9qBoUa4tDaRpfWt21ep5/WqQ==",
      "cpu": [
        "ppc64"
      ],
      "optional": true,
      "os": [
        "linux"
      ],
      "engines": {
        "node": ">=12"
      }
    },
    "node_modules/@esbuild/linux-riscv64": {
      "version": "0.18.17",
      "resolved": "https://registry.npmjs.org/@esbuild/linux-riscv64/-/linux-riscv64-0.18.17.tgz",
      "integrity": "sha512-Wh/HW2MPnC3b8BqRSIme/9Zhab36PPH+3zam5pqGRH4pE+4xTrVLx2+XdGp6fVS3L2x+DrsIcsbMleex8fbE6g==",
      "cpu": [
        "riscv64"
      ],
      "optional": true,
      "os": [
        "linux"
      ],
      "engines": {
        "node": ">=12"
      }
    },
    "node_modules/@esbuild/linux-s390x": {
      "version": "0.18.17",
      "resolved": "https://registry.npmjs.org/@esbuild/linux-s390x/-/linux-s390x-0.18.17.tgz",
      "integrity": "sha512-j/34jAl3ul3PNcK3pfI0NSlBANduT2UO5kZ7FCaK33XFv3chDhICLY8wJJWIhiQ+YNdQ9dxqQctRg2bvrMlYgg==",
      "cpu": [
        "s390x"
      ],
      "optional": true,
      "os": [
        "linux"
      ],
      "engines": {
        "node": ">=12"
      }
    },
    "node_modules/@esbuild/linux-x64": {
      "version": "0.18.17",
      "resolved": "https://registry.npmjs.org/@esbuild/linux-x64/-/linux-x64-0.18.17.tgz",
      "integrity": "sha512-QM50vJ/y+8I60qEmFxMoxIx4de03pGo2HwxdBeFd4nMh364X6TIBZ6VQ5UQmPbQWUVWHWws5MmJXlHAXvJEmpQ==",
      "cpu": [
        "x64"
      ],
      "optional": true,
      "os": [
        "linux"
      ],
      "engines": {
        "node": ">=12"
      }
    },
    "node_modules/@esbuild/netbsd-x64": {
      "version": "0.18.17",
      "resolved": "https://registry.npmjs.org/@esbuild/netbsd-x64/-/netbsd-x64-0.18.17.tgz",
      "integrity": "sha512-/jGlhWR7Sj9JPZHzXyyMZ1RFMkNPjC6QIAan0sDOtIo2TYk3tZn5UDrkE0XgsTQCxWTTOcMPf9p6Rh2hXtl5TQ==",
      "cpu": [
        "x64"
      ],
      "optional": true,
      "os": [
        "netbsd"
      ],
      "engines": {
        "node": ">=12"
      }
    },
    "node_modules/@esbuild/openbsd-x64": {
      "version": "0.18.17",
      "resolved": "https://registry.npmjs.org/@esbuild/openbsd-x64/-/openbsd-x64-0.18.17.tgz",
      "integrity": "sha512-rSEeYaGgyGGf4qZM2NonMhMOP/5EHp4u9ehFiBrg7stH6BYEEjlkVREuDEcQ0LfIl53OXLxNbfuIj7mr5m29TA==",
      "cpu": [
        "x64"
      ],
      "optional": true,
      "os": [
        "openbsd"
      ],
      "engines": {
        "node": ">=12"
      }
    },
    "node_modules/@esbuild/sunos-x64": {
      "version": "0.18.17",
      "resolved": "https://registry.npmjs.org/@esbuild/sunos-x64/-/sunos-x64-0.18.17.tgz",
      "integrity": "sha512-Y7ZBbkLqlSgn4+zot4KUNYst0bFoO68tRgI6mY2FIM+b7ZbyNVtNbDP5y8qlu4/knZZ73fgJDlXID+ohY5zt5g==",
      "cpu": [
        "x64"
      ],
      "optional": true,
      "os": [
        "sunos"
      ],
      "engines": {
        "node": ">=12"
      }
    },
    "node_modules/@esbuild/win32-arm64": {
      "version": "0.18.17",
      "resolved": "https://registry.npmjs.org/@esbuild/win32-arm64/-/win32-arm64-0.18.17.tgz",
      "integrity": "sha512-bwPmTJsEQcbZk26oYpc4c/8PvTY3J5/QK8jM19DVlEsAB41M39aWovWoHtNm78sd6ip6prilxeHosPADXtEJFw==",
      "cpu": [
        "arm64"
      ],
      "optional": true,
      "os": [
        "win32"
      ],
      "engines": {
        "node": ">=12"
      }
    },
    "node_modules/@esbuild/win32-ia32": {
      "version": "0.18.17",
      "resolved": "https://registry.npmjs.org/@esbuild/win32-ia32/-/win32-ia32-0.18.17.tgz",
      "integrity": "sha512-H/XaPtPKli2MhW+3CQueo6Ni3Avggi6hP/YvgkEe1aSaxw+AeO8MFjq8DlgfTd9Iz4Yih3QCZI6YLMoyccnPRg==",
      "cpu": [
        "ia32"
      ],
      "optional": true,
      "os": [
        "win32"
      ],
      "engines": {
        "node": ">=12"
      }
    },
    "node_modules/@esbuild/win32-x64": {
      "version": "0.18.17",
      "resolved": "https://registry.npmjs.org/@esbuild/win32-x64/-/win32-x64-0.18.17.tgz",
      "integrity": "sha512-fGEb8f2BSA3CW7riJVurug65ACLuQAzKq0SSqkY2b2yHHH0MzDfbLyKIGzHwOI/gkHcxM/leuSW6D5w/LMNitA==",
      "cpu": [
        "x64"
      ],
      "optional": true,
      "os": [
        "win32"
      ],
      "engines": {
        "node": ">=12"
      }
    },
    "node_modules/@parcel/watcher": {
      "version": "2.5.0",
      "resolved": "https://registry.npmjs.org/@parcel/watcher/-/watcher-2.5.0.tgz",
      "integrity": "sha512-i0GV1yJnm2n3Yq1qw6QrUrd/LI9bE8WEBOTtOkpCXHHdyN3TAGgqAK/DAT05z4fq2x04cARXt2pDmjWjL92iTQ==",
      "hasInstallScript": true,
      "optional": true,
      "dependencies": {
        "detect-libc": "^1.0.3",
        "is-glob": "^4.0.3",
        "micromatch": "^4.0.5",
        "node-addon-api": "^7.0.0"
      },
      "engines": {
        "node": ">= 10.0.0"
      },
      "funding": {
        "type": "opencollective",
        "url": "https://opencollective.com/parcel"
      },
      "optionalDependencies": {
        "@parcel/watcher-android-arm64": "2.5.0",
        "@parcel/watcher-darwin-arm64": "2.5.0",
        "@parcel/watcher-darwin-x64": "2.5.0",
        "@parcel/watcher-freebsd-x64": "2.5.0",
        "@parcel/watcher-linux-arm-glibc": "2.5.0",
        "@parcel/watcher-linux-arm-musl": "2.5.0",
        "@parcel/watcher-linux-arm64-glibc": "2.5.0",
        "@parcel/watcher-linux-arm64-musl": "2.5.0",
        "@parcel/watcher-linux-x64-glibc": "2.5.0",
        "@parcel/watcher-linux-x64-musl": "2.5.0",
        "@parcel/watcher-win32-arm64": "2.5.0",
        "@parcel/watcher-win32-ia32": "2.5.0",
        "@parcel/watcher-win32-x64": "2.5.0"
      }
    },
    "node_modules/@parcel/watcher-android-arm64": {
      "version": "2.5.0",
      "resolved": "https://registry.npmjs.org/@parcel/watcher-android-arm64/-/watcher-android-arm64-2.5.0.tgz",
      "integrity": "sha512-qlX4eS28bUcQCdribHkg/herLe+0A9RyYC+mm2PXpncit8z5b3nSqGVzMNR3CmtAOgRutiZ02eIJJgP/b1iEFQ==",
      "cpu": [
        "arm64"
      ],
      "optional": true,
      "os": [
        "android"
      ],
      "engines": {
        "node": ">= 10.0.0"
      },
      "funding": {
        "type": "opencollective",
        "url": "https://opencollective.com/parcel"
      }
    },
    "node_modules/@parcel/watcher-darwin-arm64": {
      "version": "2.5.0",
      "resolved": "https://registry.npmjs.org/@parcel/watcher-darwin-arm64/-/watcher-darwin-arm64-2.5.0.tgz",
      "integrity": "sha512-hyZ3TANnzGfLpRA2s/4U1kbw2ZI4qGxaRJbBH2DCSREFfubMswheh8TeiC1sGZ3z2jUf3s37P0BBlrD3sjVTUw==",
      "cpu": [
        "arm64"
      ],
      "optional": true,
      "os": [
        "darwin"
      ],
      "engines": {
        "node": ">= 10.0.0"
      },
      "funding": {
        "type": "opencollective",
        "url": "https://opencollective.com/parcel"
      }
    },
    "node_modules/@parcel/watcher-darwin-x64": {
      "version": "2.5.0",
      "resolved": "https://registry.npmjs.org/@parcel/watcher-darwin-x64/-/watcher-darwin-x64-2.5.0.tgz",
      "integrity": "sha512-9rhlwd78saKf18fT869/poydQK8YqlU26TMiNg7AIu7eBp9adqbJZqmdFOsbZ5cnLp5XvRo9wcFmNHgHdWaGYA==",
      "cpu": [
        "x64"
      ],
      "optional": true,
      "os": [
        "darwin"
      ],
      "engines": {
        "node": ">= 10.0.0"
      },
      "funding": {
        "type": "opencollective",
        "url": "https://opencollective.com/parcel"
      }
    },
    "node_modules/@parcel/watcher-freebsd-x64": {
      "version": "2.5.0",
      "resolved": "https://registry.npmjs.org/@parcel/watcher-freebsd-x64/-/watcher-freebsd-x64-2.5.0.tgz",
      "integrity": "sha512-syvfhZzyM8kErg3VF0xpV8dixJ+RzbUaaGaeb7uDuz0D3FK97/mZ5AJQ3XNnDsXX7KkFNtyQyFrXZzQIcN49Tw==",
      "cpu": [
        "x64"
      ],
      "optional": true,
      "os": [
        "freebsd"
      ],
      "engines": {
        "node": ">= 10.0.0"
      },
      "funding": {
        "type": "opencollective",
        "url": "https://opencollective.com/parcel"
      }
    },
    "node_modules/@parcel/watcher-linux-arm-glibc": {
      "version": "2.5.0",
      "resolved": "https://registry.npmjs.org/@parcel/watcher-linux-arm-glibc/-/watcher-linux-arm-glibc-2.5.0.tgz",
      "integrity": "sha512-0VQY1K35DQET3dVYWpOaPFecqOT9dbuCfzjxoQyif1Wc574t3kOSkKevULddcR9znz1TcklCE7Ht6NIxjvTqLA==",
      "cpu": [
        "arm"
      ],
      "optional": true,
      "os": [
        "linux"
      ],
      "engines": {
        "node": ">= 10.0.0"
      },
      "funding": {
        "type": "opencollective",
        "url": "https://opencollective.com/parcel"
      }
    },
    "node_modules/@parcel/watcher-linux-arm-musl": {
      "version": "2.5.0",
      "resolved": "https://registry.npmjs.org/@parcel/watcher-linux-arm-musl/-/watcher-linux-arm-musl-2.5.0.tgz",
      "integrity": "sha512-6uHywSIzz8+vi2lAzFeltnYbdHsDm3iIB57d4g5oaB9vKwjb6N6dRIgZMujw4nm5r6v9/BQH0noq6DzHrqr2pA==",
      "cpu": [
        "arm"
      ],
      "optional": true,
      "os": [
        "linux"
      ],
      "engines": {
        "node": ">= 10.0.0"
      },
      "funding": {
        "type": "opencollective",
        "url": "https://opencollective.com/parcel"
      }
    },
    "node_modules/@parcel/watcher-linux-arm64-glibc": {
      "version": "2.5.0",
      "resolved": "https://registry.npmjs.org/@parcel/watcher-linux-arm64-glibc/-/watcher-linux-arm64-glibc-2.5.0.tgz",
      "integrity": "sha512-BfNjXwZKxBy4WibDb/LDCriWSKLz+jJRL3cM/DllnHH5QUyoiUNEp3GmL80ZqxeumoADfCCP19+qiYiC8gUBjA==",
      "cpu": [
        "arm64"
      ],
      "optional": true,
      "os": [
        "linux"
      ],
      "engines": {
        "node": ">= 10.0.0"
      },
      "funding": {
        "type": "opencollective",
        "url": "https://opencollective.com/parcel"
      }
    },
    "node_modules/@parcel/watcher-linux-arm64-musl": {
      "version": "2.5.0",
      "resolved": "https://registry.npmjs.org/@parcel/watcher-linux-arm64-musl/-/watcher-linux-arm64-musl-2.5.0.tgz",
      "integrity": "sha512-S1qARKOphxfiBEkwLUbHjCY9BWPdWnW9j7f7Hb2jPplu8UZ3nes7zpPOW9bkLbHRvWM0WDTsjdOTUgW0xLBN1Q==",
      "cpu": [
        "arm64"
      ],
      "optional": true,
      "os": [
        "linux"
      ],
      "engines": {
        "node": ">= 10.0.0"
      },
      "funding": {
        "type": "opencollective",
        "url": "https://opencollective.com/parcel"
      }
    },
    "node_modules/@parcel/watcher-linux-x64-glibc": {
      "version": "2.5.0",
      "resolved": "https://registry.npmjs.org/@parcel/watcher-linux-x64-glibc/-/watcher-linux-x64-glibc-2.5.0.tgz",
      "integrity": "sha512-d9AOkusyXARkFD66S6zlGXyzx5RvY+chTP9Jp0ypSTC9d4lzyRs9ovGf/80VCxjKddcUvnsGwCHWuF2EoPgWjw==",
      "cpu": [
        "x64"
      ],
      "optional": true,
      "os": [
        "linux"
      ],
      "engines": {
        "node": ">= 10.0.0"
      },
      "funding": {
        "type": "opencollective",
        "url": "https://opencollective.com/parcel"
      }
    },
    "node_modules/@parcel/watcher-linux-x64-musl": {
      "version": "2.5.0",
      "resolved": "https://registry.npmjs.org/@parcel/watcher-linux-x64-musl/-/watcher-linux-x64-musl-2.5.0.tgz",
      "integrity": "sha512-iqOC+GoTDoFyk/VYSFHwjHhYrk8bljW6zOhPuhi5t9ulqiYq1togGJB5e3PwYVFFfeVgc6pbz3JdQyDoBszVaA==",
      "cpu": [
        "x64"
      ],
      "optional": true,
      "os": [
        "linux"
      ],
      "engines": {
        "node": ">= 10.0.0"
      },
      "funding": {
        "type": "opencollective",
        "url": "https://opencollective.com/parcel"
      }
    },
    "node_modules/@parcel/watcher-win32-arm64": {
      "version": "2.5.0",
      "resolved": "https://registry.npmjs.org/@parcel/watcher-win32-arm64/-/watcher-win32-arm64-2.5.0.tgz",
      "integrity": "sha512-twtft1d+JRNkM5YbmexfcH/N4znDtjgysFaV9zvZmmJezQsKpkfLYJ+JFV3uygugK6AtIM2oADPkB2AdhBrNig==",
      "cpu": [
        "arm64"
      ],
      "optional": true,
      "os": [
        "win32"
      ],
      "engines": {
        "node": ">= 10.0.0"
      },
      "funding": {
        "type": "opencollective",
        "url": "https://opencollective.com/parcel"
      }
    },
    "node_modules/@parcel/watcher-win32-ia32": {
      "version": "2.5.0",
      "resolved": "https://registry.npmjs.org/@parcel/watcher-win32-ia32/-/watcher-win32-ia32-2.5.0.tgz",
      "integrity": "sha512-+rgpsNRKwo8A53elqbbHXdOMtY/tAtTzManTWShB5Kk54N8Q9mzNWV7tV+IbGueCbcj826MfWGU3mprWtuf1TA==",
      "cpu": [
        "ia32"
      ],
      "optional": true,
      "os": [
        "win32"
      ],
      "engines": {
        "node": ">= 10.0.0"
      },
      "funding": {
        "type": "opencollective",
        "url": "https://opencollective.com/parcel"
      }
    },
    "node_modules/@parcel/watcher-win32-x64": {
      "version": "2.5.0",
      "resolved": "https://registry.npmjs.org/@parcel/watcher-win32-x64/-/watcher-win32-x64-2.5.0.tgz",
      "integrity": "sha512-lPrxve92zEHdgeff3aiu4gDOIt4u7sJYha6wbdEZDCDUhtjTsOMiaJzG5lMY4GkWH8p0fMmO2Ppq5G5XXG+DQw==",
      "cpu": [
        "x64"
      ],
      "optional": true,
      "os": [
        "win32"
      ],
      "engines": {
        "node": ">= 10.0.0"
      },
      "funding": {
        "type": "opencollective",
        "url": "https://opencollective.com/parcel"
      }
    },
    "node_modules/braces": {
      "version": "3.0.3",
      "resolved": "https://registry.npmjs.org/braces/-/braces-3.0.3.tgz",
      "integrity": "sha512-yQbXgO/OSZVD2IsiLlro+7Hf6Q18EJrKSEsdoMzKePKXct3gvD8oLcOQdIzGupr5Fj+EDe8gO/lxc1BzfMpxvA==",
      "optional": true,
      "dependencies": {
        "fill-range": "^7.1.1"
      },
      "engines": {
        "node": ">=8"
      }
    },
    "node_modules/chokidar": {
      "version": "4.0.3",
      "resolved": "https://registry.npmjs.org/chokidar/-/chokidar-4.0.3.tgz",
      "integrity": "sha512-Qgzu8kfBvo+cA4962jnP1KkS6Dop5NS6g7R5LFYJr4b8Ub94PPQXUksCw9PvXoeXPRRddRNC5C1JQUR2SMGtnA==",
      "dependencies": {
        "readdirp": "^4.0.1"
      },
      "engines": {
        "node": ">= 14.16.0"
      },
      "funding": {
        "url": "https://paulmillr.com/funding/"
      }
    },
    "node_modules/detect-libc": {
      "version": "1.0.3",
      "resolved": "https://registry.npmjs.org/detect-libc/-/detect-libc-1.0.3.tgz",
      "integrity": "sha512-pGjwhsmsp4kL2RTz08wcOlGN83otlqHeD/Z5T8GXZB+/YcpQ/dgo+lbU8ZsGxV0HIvqqxo9l7mqYwyYMD9bKDg==",
      "optional": true,
      "bin": {
        "detect-libc": "bin/detect-libc.js"
      },
      "engines": {
        "node": ">=0.10"
      }
    },
    "node_modules/dettle": {
      "version": "1.0.4",
      "resolved": "https://registry.npmjs.org/dettle/-/dettle-1.0.4.tgz",
      "integrity": "sha512-ktaWiLYYc/ajSa819+HxwABpqtk3dGIAmo5CbHvT3B6XyQSM7VNGDvCPNu94Ptc+Ti4tjTvAKRUCXU/lrVG4WQ=="
    },
    "node_modules/esbuild": {
      "version": "0.18.17",
      "resolved": "https://registry.npmjs.org/esbuild/-/esbuild-0.18.17.tgz",
      "integrity": "sha512-1GJtYnUxsJreHYA0Y+iQz2UEykonY66HNWOb0yXYZi9/kNrORUEHVg87eQsCtqh59PEJ5YVZJO98JHznMJSWjg==",
      "hasInstallScript": true,
      "bin": {
        "esbuild": "bin/esbuild"
      },
      "engines": {
        "node": ">=12"
      },
      "optionalDependencies": {
        "@esbuild/android-arm": "0.18.17",
        "@esbuild/android-arm64": "0.18.17",
        "@esbuild/android-x64": "0.18.17",
        "@esbuild/darwin-arm64": "0.18.17",
        "@esbuild/darwin-x64": "0.18.17",
        "@esbuild/freebsd-arm64": "0.18.17",
        "@esbuild/freebsd-x64": "0.18.17",
        "@esbuild/linux-arm": "0.18.17",
        "@esbuild/linux-arm64": "0.18.17",
        "@esbuild/linux-ia32": "0.18.17",
        "@esbuild/linux-loong64": "0.18.17",
        "@esbuild/linux-mips64el": "0.18.17",
        "@esbuild/linux-ppc64": "0.18.17",
        "@esbuild/linux-riscv64": "0.18.17",
        "@esbuild/linux-s390x": "0.18.17",
        "@esbuild/linux-x64": "0.18.17",
        "@esbuild/netbsd-x64": "0.18.17",
        "@esbuild/openbsd-x64": "0.18.17",
        "@esbuild/sunos-x64": "0.18.17",
        "@esbuild/win32-arm64": "0.18.17",
        "@esbuild/win32-ia32": "0.18.17",
        "@esbuild/win32-x64": "0.18.17"
      }
    },
    "node_modules/esbuild-sass-plugin": {
      "version": "2.10.0",
      "resolved": "https://registry.npmjs.org/esbuild-sass-plugin/-/esbuild-sass-plugin-2.10.0.tgz",
      "integrity": "sha512-STv849QGT8g77RRFmroSt4VBVKjv+dypKcO4aWz8IP4G5JbRH0KC0+B8ODuzlUNu9R5MbkGcev/62RDP/JcZ2Q==",
      "dependencies": {
        "resolve": "^1.22.2",
        "sass": "^1.63.0"
      },
      "peerDependencies": {
        "esbuild": "^0.18.0"
      }
    },
    "node_modules/fill-range": {
      "version": "7.1.1",
      "resolved": "https://registry.npmjs.org/fill-range/-/fill-range-7.1.1.tgz",
      "integrity": "sha512-YsGpe3WHLK8ZYi4tWDg2Jy3ebRz2rXowDxnld4bkQB00cc/1Zw9AWnC0i9ztDJitivtQvaI9KaLyKrc+hBW0yg==",
      "optional": true,
      "dependencies": {
        "to-regex-range": "^5.0.1"
      },
      "engines": {
        "node": ">=8"
      }
    },
    "node_modules/function-bind": {
      "version": "1.1.2",
      "resolved": "https://registry.npmjs.org/function-bind/-/function-bind-1.1.2.tgz",
      "integrity": "sha512-7XHNxH7qX9xG5mIwxkhumTox/MIRNcOgDrxWsMt2pAr23WHp6MrRlN7FBSFpCpr+oVO0F744iUgR82nJMfG2SA==",
      "funding": {
        "url": "https://github.com/sponsors/ljharb"
      }
    },
    "node_modules/hasown": {
      "version": "2.0.2",
      "resolved": "https://registry.npmjs.org/hasown/-/hasown-2.0.2.tgz",
      "integrity": "sha512-0hJU9SCPvmMzIBdZFqNPXWa6dqh7WdH0cII9y+CyS8rG3nL48Bclra9HmKhVVUHyPWNH5Y7xDwAB7bfgSjkUMQ==",
      "dependencies": {
        "function-bind": "^1.1.2"
      },
      "engines": {
        "node": ">= 0.4"
      }
    },
    "node_modules/immutable": {
      "version": "5.0.3",
      "resolved": "https://registry.npmjs.org/immutable/-/immutable-5.0.3.tgz",
      "integrity": "sha512-P8IdPQHq3lA1xVeBRi5VPqUm5HDgKnx0Ru51wZz5mjxHr5n3RWhjIpOFU7ybkUxfB+5IToy+OLaHYDBIWsv+uw=="
    },
    "node_modules/is-core-module": {
      "version": "2.16.1",
      "resolved": "https://registry.npmjs.org/is-core-module/-/is-core-module-2.16.1.tgz",
      "integrity": "sha512-UfoeMA6fIJ8wTYFEUjelnaGI67v6+N7qXJEvQuIGa99l4xsCruSYOVSQ0uPANn4dAzm8lkYPaKLrrijLq7x23w==",
      "dependencies": {
        "hasown": "^2.0.2"
      },
      "engines": {
        "node": ">= 0.4"
      },
      "funding": {
        "url": "https://github.com/sponsors/ljharb"
      }
    },
    "node_modules/is-extglob": {
      "version": "2.1.1",
      "resolved": "https://registry.npmjs.org/is-extglob/-/is-extglob-2.1.1.tgz",
      "integrity": "sha512-SbKbANkN603Vi4jEZv49LeVJMn4yGwsbzZworEoyEiutsN3nJYdbO36zfhGJ6QEDpOZIFkDtnq5JRxmvl3jsoQ==",
      "optional": true,
      "engines": {
        "node": ">=0.10.0"
      }
    },
    "node_modules/is-glob": {
      "version": "4.0.3",
      "resolved": "https://registry.npmjs.org/is-glob/-/is-glob-4.0.3.tgz",
      "integrity": "sha512-xelSayHH36ZgE7ZWhli7pW34hNbNl8Ojv5KVmkJD4hBdD3th8Tfk9vYasLM+mXWOZhFkgZfxhLSnrwRr4elSSg==",
      "optional": true,
      "dependencies": {
        "is-extglob": "^2.1.1"
      },
      "engines": {
        "node": ">=0.10.0"
      }
    },
    "node_modules/is-number": {
      "version": "7.0.0",
      "resolved": "https://registry.npmjs.org/is-number/-/is-number-7.0.0.tgz",
      "integrity": "sha512-41Cifkg6e8TylSpdtTpeLVMqvSBEVzTttHvERD741+pnZ8ANv0004MRL43QKPDlK9cGvNp6NZWZUBlbGXYxxng==",
      "optional": true,
      "engines": {
        "node": ">=0.12.0"
      }
    },
    "node_modules/micromatch": {
      "version": "4.0.8",
      "resolved": "https://registry.npmjs.org/micromatch/-/micromatch-4.0.8.tgz",
      "integrity": "sha512-PXwfBhYu0hBCPw8Dn0E+WDYb7af3dSLVWKi3HGv84IdF4TyFoC0ysxFd0Goxw7nSv4T/PzEJQxsYsEiFCKo2BA==",
      "optional": true,
      "dependencies": {
        "braces": "^3.0.3",
        "picomatch": "^2.3.1"
      },
      "engines": {
        "node": ">=8.6"
      }
    },
    "node_modules/node-addon-api": {
      "version": "7.1.1",
      "resolved": "https://registry.npmjs.org/node-addon-api/-/node-addon-api-7.1.1.tgz",
      "integrity": "sha512-5m3bsyrjFWE1xf7nz7YXdN4udnVtXK6/Yfgn5qnahL6bCkf2yKt4k3nuTKAtT4r3IG8JNR2ncsIMdZuAzJjHQQ==",
      "optional": true
    },
    "node_modules/path-parse": {
      "version": "1.0.7",
      "resolved": "https://registry.npmjs.org/path-parse/-/path-parse-1.0.7.tgz",
      "integrity": "sha512-LDJzPVEEEPR+y48z93A0Ed0yXb8pAByGWo/k5YYdYgpY2/2EsOsksJrq7lOHxryrVOn1ejG6oAp8ahvOIQD8sw=="
    },
    "node_modules/picomatch": {
      "version": "2.3.1",
      "resolved": "https://registry.npmjs.org/picomatch/-/picomatch-2.3.1.tgz",
      "integrity": "sha512-JU3teHTNjmE2VCGFzuY8EXzCDVwEqB2a8fsIvwaStHhAWJEeVd1o1QD80CU6+ZdEXXSLbSsuLwJjkCBWqRQUVA==",
      "optional": true,
      "engines": {
        "node": ">=8.6"
      },
      "funding": {
        "url": "https://github.com/sponsors/jonschlinkert"
      }
    },
    "node_modules/promise-make-counter": {
      "version": "1.0.1",
      "resolved": "https://registry.npmjs.org/promise-make-counter/-/promise-make-counter-1.0.1.tgz",
      "integrity": "sha512-R1JGFIgSJDpNV/JXxytAx6K79noEpcBiZXWDa3ic9WEMpBZbUdVVQjlA266SCicJ9CGqd70iGbbzbjRKbGU1Jg==",
      "dependencies": {
        "promise-make-naked": "^3.0.0"
      }
    },
    "node_modules/promise-make-naked": {
      "version": "3.0.0",
      "resolved": "https://registry.npmjs.org/promise-make-naked/-/promise-make-naked-3.0.0.tgz",
      "integrity": "sha512-h71wwAMB2udFnlPmcxQMqKl6CckNLVKdk/ROtFivE6/VmW+rQKV0DWlGJ6VphRIoq22Tkonvdi3F+jlm5XDlow=="
    },
    "node_modules/readdirp": {
      "version": "4.0.2",
      "resolved": "https://registry.npmjs.org/readdirp/-/readdirp-4.0.2.tgz",
      "integrity": "sha512-yDMz9g+VaZkqBYS/ozoBJwaBhTbZo3UNYQHNRw1D3UFQB8oHB4uS/tAODO+ZLjGWmUbKnIlOWO+aaIiAxrUWHA==",
      "engines": {
        "node": ">= 14.16.0"
      },
      "funding": {
        "type": "individual",
        "url": "https://paulmillr.com/funding/"
      }
    },
    "node_modules/resolve": {
      "version": "1.22.10",
      "resolved": "https://registry.npmjs.org/resolve/-/resolve-1.22.10.tgz",
      "integrity": "sha512-NPRy+/ncIMeDlTAsuqwKIiferiawhefFJtkNSW0qZJEqMEb+qBt/77B/jGeeek+F0uOeN05CDa6HXbbIgtVX4w==",
      "dependencies": {
        "is-core-module": "^2.16.0",
        "path-parse": "^1.0.7",
        "supports-preserve-symlinks-flag": "^1.0.0"
      },
      "bin": {
        "resolve": "bin/resolve"
      },
      "engines": {
        "node": ">= 0.4"
      },
      "funding": {
        "url": "https://github.com/sponsors/ljharb"
      }
    },
    "node_modules/sass": {
      "version": "1.83.0",
      "resolved": "https://registry.npmjs.org/sass/-/sass-1.83.0.tgz",
      "integrity": "sha512-qsSxlayzoOjdvXMVLkzF84DJFc2HZEL/rFyGIKbbilYtAvlCxyuzUeff9LawTn4btVnLKg75Z8MMr1lxU1lfGw==",
      "dependencies": {
        "chokidar": "^4.0.0",
        "immutable": "^5.0.2",
        "source-map-js": ">=0.6.2 <2.0.0"
      },
      "bin": {
        "sass": "sass.js"
      },
      "engines": {
        "node": ">=14.0.0"
      },
      "optionalDependencies": {
        "@parcel/watcher": "^2.4.1"
      }
    },
    "node_modules/sass-dev": {
      "version": "1.0.13",
      "resolved": "https://registry.npmjs.org/sass-dev/-/sass-dev-1.0.13.tgz",
      "integrity": "sha512-jFsmm7QyBlXCk1+hDEiuB9K6Xh0XwjMLAvqk1cvPbNaehI602ZclsWOqCN1YKyDU7t12d5KxDoV+ZL0C4+Pi/Q==",
      "dependencies": {
        "esbuild": "0.18.17",
        "esbuild-sass-plugin": "2.10.0",
        "watcher": "2.3.0"
      },
      "bin": {
        "sass-dev": "index.js"
      }
    },
    "node_modules/source-map-js": {
      "version": "1.2.1",
      "resolved": "https://registry.npmjs.org/source-map-js/-/source-map-js-1.2.1.tgz",
      "integrity": "sha512-UXWMKhLOwVKb728IUtQPXxfYU+usdybtUrK/8uGE8CQMvrhOpwvzDBwj0QhSL7MQc7vIsISBG8VQ8+IDQxpfQA==",
      "engines": {
        "node": ">=0.10.0"
      }
    },
    "node_modules/stubborn-fs": {
      "version": "1.2.5",
      "resolved": "https://registry.npmjs.org/stubborn-fs/-/stubborn-fs-1.2.5.tgz",
      "integrity": "sha512-H2N9c26eXjzL/S/K+i/RHHcFanE74dptvvjM8iwzwbVcWY/zjBbgRqF3K0DY4+OD+uTTASTBvDoxPDaPN02D7g=="
    },
    "node_modules/supports-preserve-symlinks-flag": {
      "version": "1.0.0",
      "resolved": "https://registry.npmjs.org/supports-preserve-symlinks-flag/-/supports-preserve-symlinks-flag-1.0.0.tgz",
      "integrity": "sha512-ot0WnXS9fgdkgIcePe6RHNk1WA8+muPa6cSjeR3V8K27q9BB1rTE3R1p7Hv0z1ZyAc8s6Vvv8DIyWf681MAt0w==",
      "engines": {
        "node": ">= 0.4"
      },
      "funding": {
        "url": "https://github.com/sponsors/ljharb"
      }
    },
    "node_modules/tiny-readdir": {
      "version": "2.7.3",
      "resolved": "https://registry.npmjs.org/tiny-readdir/-/tiny-readdir-2.7.3.tgz",
      "integrity": "sha512-ae1CPk7/MRhdaSIfjytuCoCjcykCNfSH36MsD2Qq8A27apaVUV0nthOcCEjiBTTloBObq2ffvm0BycUayMWh3A==",
      "dependencies": {
        "promise-make-counter": "^1.0.1"
      }
    },
    "node_modules/to-regex-range": {
      "version": "5.0.1",
      "resolved": "https://registry.npmjs.org/to-regex-range/-/to-regex-range-5.0.1.tgz",
      "integrity": "sha512-65P7iz6X5yEr1cwcgvQxbbIw7Uk3gOy5dIdtZ4rDveLqhrdJP+Li/Hx6tyK0NEb+2GCyneCMJiGqrADCSNk8sQ==",
      "optional": true,
      "dependencies": {
        "is-number": "^7.0.0"
      },
      "engines": {
        "node": ">=8.0"
      }
    },
    "node_modules/watcher": {
      "version": "2.3.0",
      "resolved": "https://registry.npmjs.org/watcher/-/watcher-2.3.0.tgz",
      "integrity": "sha512-6hVpT1OhmYTZhsgUND2o2gTL79TosB1rH8DWzDO7KBlyR9Yuxg/LXUGeHJqjjvwpnyHT7uUdDwWczprJuqae9Q==",
      "dependencies": {
        "dettle": "^1.0.1",
        "stubborn-fs": "^1.2.5",
        "tiny-readdir": "^2.2.0"
      }
    }
  }
}
